// !$*UTF8*$!
{
	archiveVersion = 1;
	classes = {
	};
	objectVersion = 46;
	objects = {

/* Begin PBXBuildFile section */
		5E223E5B1B2084610044F57C /* PanGestureScrollView.swift in Sources */ = {isa = PBXBuildFile; fileRef = 5E223E5A1B2084610044F57C /* PanGestureScrollView.swift */; };
		5E223E5D1B20849A0044F57C /* pop.framework in Frameworks */ = {isa = PBXBuildFile; fileRef = 5E223E5C1B20849A0044F57C /* pop.framework */; };
		5E223E5E1B2084A60044F57C /* pop.framework in CopyFiles */ = {isa = PBXBuildFile; fileRef = 5E223E5C1B20849A0044F57C /* pop.framework */; settings = {ATTRIBUTES = (CodeSignOnCopy, RemoveHeadersOnCopy, ); }; };
		5E223E651B2086340044F57C /* UIView+PopScrollView.m in Sources */ = {isa = PBXBuildFile; fileRef = 5E223E641B2086340044F57C /* UIView+PopScrollView.m */; };
		5E71F80A1B21F19E004B3152 /* TwitterViewController.swift in Sources */ = {isa = PBXBuildFile; fileRef = 5E71F8091B21F19E004B3152 /* TwitterViewController.swift */; };
		5E71F80C1B21F200004B3152 /* MeViewController.swift in Sources */ = {isa = PBXBuildFile; fileRef = 5E71F80B1B21F200004B3152 /* MeViewController.swift */; };
		5E71F8101B21F534004B3152 /* IMG_0016.jpg in Resources */ = {isa = PBXBuildFile; fileRef = 5E71F80F1B21F534004B3152 /* IMG_0016.jpg */; };
		5E7E9B181B21774E0052930F /* SPCellGenerator.swift in Sources */ = {isa = PBXBuildFile; fileRef = 5E7E9B171B21774E0052930F /* SPCellGenerator.swift */; };
		5E892BC41B211D58001BD556 /* CollectionViews.storyboard in Resources */ = {isa = PBXBuildFile; fileRef = 5E892BC21B211D58001BD556 /* CollectionViews.storyboard */; };
		5E892BC71B211DD3001BD556 /* RecipePhotoViewController.swift in Sources */ = {isa = PBXBuildFile; fileRef = 5E892BC61B211DD3001BD556 /* RecipePhotoViewController.swift */; };
		5E892BC91B211EDB001BD556 /* ScrollPopViewController.swift in Sources */ = {isa = PBXBuildFile; fileRef = 5E892BC81B211EDB001BD556 /* ScrollPopViewController.swift */; };
		5EBB8F511B201EFA009710F3 /* AppDelegate.swift in Sources */ = {isa = PBXBuildFile; fileRef = 5EBB8F501B201EFA009710F3 /* AppDelegate.swift */; };
		5EBB8F531B201EFA009710F3 /* ViewController.swift in Sources */ = {isa = PBXBuildFile; fileRef = 5EBB8F521B201EFA009710F3 /* ViewController.swift */; };
		5EBB8F561B201EFA009710F3 /* Main.storyboard in Resources */ = {isa = PBXBuildFile; fileRef = 5EBB8F541B201EFA009710F3 /* Main.storyboard */; };
		5EBB8F581B201EFA009710F3 /* Images.xcassets in Resources */ = {isa = PBXBuildFile; fileRef = 5EBB8F571B201EFA009710F3 /* Images.xcassets */; };
		5EBB8F5B1B201EFA009710F3 /* LaunchScreen.xib in Resources */ = {isa = PBXBuildFile; fileRef = 5EBB8F591B201EFA009710F3 /* LaunchScreen.xib */; };
		5EBB8F671B201EFA009710F3 /* RestaurantPagesTests.swift in Sources */ = {isa = PBXBuildFile; fileRef = 5EBB8F661B201EFA009710F3 /* RestaurantPagesTests.swift */; };
		5EBB8F751B201F17009710F3 /* recipe01.jpg in Resources */ = {isa = PBXBuildFile; fileRef = 5EBB8F711B201F17009710F3 /* recipe01.jpg */; };
		5EBB8F761B201F17009710F3 /* recipe02.jpg in Resources */ = {isa = PBXBuildFile; fileRef = 5EBB8F721B201F17009710F3 /* recipe02.jpg */; };
		5EBB8F771B201F17009710F3 /* recipe03.jpg in Resources */ = {isa = PBXBuildFile; fileRef = 5EBB8F731B201F17009710F3 /* recipe03.jpg */; };
		5EBB8F781B201F17009710F3 /* recipe04.jpg in Resources */ = {isa = PBXBuildFile; fileRef = 5EBB8F741B201F17009710F3 /* recipe04.jpg */; };
		5EBB8F7A1B201FA2009710F3 /* PagesCollectionViewController.swift in Sources */ = {isa = PBXBuildFile; fileRef = 5EBB8F791B201FA2009710F3 /* PagesCollectionViewController.swift */; };
		5EBB8F7C1B202010009710F3 /* PageCollectionViewCell.swift in Sources */ = {isa = PBXBuildFile; fileRef = 5EBB8F7B1B202010009710F3 /* PageCollectionViewCell.swift */; };
		5EBB8F841B20209D009710F3 /* UIColorExtensions.swift in Sources */ = {isa = PBXBuildFile; fileRef = 5EBB8F7E1B20209D009710F3 /* UIColorExtensions.swift */; };
		5EBB8F851B20209D009710F3 /* UIConstants.swift in Sources */ = {isa = PBXBuildFile; fileRef = 5EBB8F7F1B20209D009710F3 /* UIConstants.swift */; };
		5EBB8F861B20209D009710F3 /* UIControlExtensions.swift in Sources */ = {isa = PBXBuildFile; fileRef = 5EBB8F801B20209D009710F3 /* UIControlExtensions.swift */; };
		5EBB8F881B20209D009710F3 /* UITableViewExtensions.swift in Sources */ = {isa = PBXBuildFile; fileRef = 5EBB8F821B20209D009710F3 /* UITableViewExtensions.swift */; };
		5EBB8F891B20209D009710F3 /* UIViewExtentsions.swift in Sources */ = {isa = PBXBuildFile; fileRef = 5EBB8F831B20209D009710F3 /* UIViewExtentsions.swift */; };
		5EBB8F8B1B2020A8009710F3 /* Cartography.framework in Frameworks */ = {isa = PBXBuildFile; fileRef = 5EBB8F8A1B2020A8009710F3 /* Cartography.framework */; };
		5EBB8F8D1B2020B2009710F3 /* Cartography.framework in CopyFiles */ = {isa = PBXBuildFile; fileRef = 5EBB8F8A1B2020A8009710F3 /* Cartography.framework */; settings = {ATTRIBUTES = (CodeSignOnCopy, RemoveHeadersOnCopy, ); }; };
		5EF168601B228F5200032B92 /* UIViewController+TwitterPop.m in Sources */ = {isa = PBXBuildFile; fileRef = 5EF1685F1B228F5200032B92 /* UIViewController+TwitterPop.m */; };
		72CFC636AB0611BE711F5DC6 /* libPods.a in Frameworks */ = {isa = PBXBuildFile; fileRef = CFF4F4D7C49600ACC9C7C36E /* libPods.a */; };
/* End PBXBuildFile section */

/* Begin PBXContainerItemProxy section */
		5EBB8F611B201EFA009710F3 /* PBXContainerItemProxy */ = {
			isa = PBXContainerItemProxy;
			containerPortal = 5EBB8F431B201EFA009710F3 /* Project object */;
			proxyType = 1;
			remoteGlobalIDString = 5EBB8F4A1B201EFA009710F3;
			remoteInfo = RestaurantPages;
		};
/* End PBXContainerItemProxy section */

/* Begin PBXCopyFilesBuildPhase section */
		5EBB8F8C1B2020AC009710F3 /* CopyFiles */ = {
			isa = PBXCopyFilesBuildPhase;
			buildActionMask = 2147483647;
			dstPath = "";
			dstSubfolderSpec = 10;
			files = (
				5E223E5E1B2084A60044F57C /* pop.framework in CopyFiles */,
				5EBB8F8D1B2020B2009710F3 /* Cartography.framework in CopyFiles */,
			);
			runOnlyForDeploymentPostprocessing = 0;
		};
/* End PBXCopyFilesBuildPhase section */

/* Begin PBXFileReference section */
		24735E03E7A83FE88481B432 /* Pods.release.xcconfig */ = {isa = PBXFileReference; includeInIndex = 1; lastKnownFileType = text.xcconfig; name = Pods.release.xcconfig; path = "Pods/Target Support Files/Pods/Pods.release.xcconfig"; sourceTree = "<group>"; };
		5E223E5A1B2084610044F57C /* PanGestureScrollView.swift */ = {isa = PBXFileReference; fileEncoding = 4; lastKnownFileType = sourcecode.swift; path = PanGestureScrollView.swift; sourceTree = "<group>"; };
		5E223E5C1B20849A0044F57C /* pop.framework */ = {isa = PBXFileReference; lastKnownFileType = wrapper.framework; name = pop.framework; path = ../RestaurantEvent/Carthage/pop.framework; sourceTree = "<group>"; };
		5E223E5F1B2085B30044F57C /* RestaurantPages-Bridging-Header.h */ = {isa = PBXFileReference; lastKnownFileType = sourcecode.c.h; path = "RestaurantPages-Bridging-Header.h"; sourceTree = "<group>"; };
		5E223E631B2086340044F57C /* UIView+PopScrollView.h */ = {isa = PBXFileReference; fileEncoding = 4; lastKnownFileType = sourcecode.c.h; path = "UIView+PopScrollView.h"; sourceTree = "<group>"; };
		5E223E641B2086340044F57C /* UIView+PopScrollView.m */ = {isa = PBXFileReference; fileEncoding = 4; lastKnownFileType = sourcecode.c.objc; path = "UIView+PopScrollView.m"; sourceTree = "<group>"; };
		5E71F8091B21F19E004B3152 /* TwitterViewController.swift */ = {isa = PBXFileReference; fileEncoding = 4; lastKnownFileType = sourcecode.swift; name = TwitterViewController.swift; path = Twitter/TwitterViewController.swift; sourceTree = "<group>"; };
		5E71F80B1B21F200004B3152 /* MeViewController.swift */ = {isa = PBXFileReference; fileEncoding = 4; lastKnownFileType = sourcecode.swift; name = MeViewController.swift; path = Twitter/MeViewController.swift; sourceTree = "<group>"; };
		5E71F80F1B21F534004B3152 /* IMG_0016.jpg */ = {isa = PBXFileReference; lastKnownFileType = image.jpeg; path = IMG_0016.jpg; sourceTree = "<group>"; };
		5E7E9B171B21774E0052930F /* SPCellGenerator.swift */ = {isa = PBXFileReference; fileEncoding = 4; lastKnownFileType = sourcecode.swift; name = SPCellGenerator.swift; path = ../generator/SPCellGenerator.swift; sourceTree = "<group>"; };
		5E892BC31B211D58001BD556 /* Base */ = {isa = PBXFileReference; lastKnownFileType = file.storyboard; name = Base; path = ../../RestaurantEvent/RestaurantEvent/Base.lproj/CollectionViews.storyboard; sourceTree = "<group>"; };
		5E892BC61B211DD3001BD556 /* RecipePhotoViewController.swift */ = {isa = PBXFileReference; fileEncoding = 4; lastKnownFileType = sourcecode.swift; path = RecipePhotoViewController.swift; sourceTree = "<group>"; };
		5E892BC81B211EDB001BD556 /* ScrollPopViewController.swift */ = {isa = PBXFileReference; fileEncoding = 4; lastKnownFileType = sourcecode.swift; path = ScrollPopViewController.swift; sourceTree = "<group>"; };
		5EBB8F4B1B201EFA009710F3 /* RestaurantPages.app */ = {isa = PBXFileReference; explicitFileType = wrapper.application; includeInIndex = 0; path = RestaurantPages.app; sourceTree = BUILT_PRODUCTS_DIR; };
		5EBB8F4F1B201EFA009710F3 /* Info.plist */ = {isa = PBXFileReference; lastKnownFileType = text.plist.xml; path = Info.plist; sourceTree = "<group>"; };
		5EBB8F501B201EFA009710F3 /* AppDelegate.swift */ = {isa = PBXFileReference; lastKnownFileType = sourcecode.swift; path = AppDelegate.swift; sourceTree = "<group>"; };
		5EBB8F521B201EFA009710F3 /* ViewController.swift */ = {isa = PBXFileReference; lastKnownFileType = sourcecode.swift; path = ViewController.swift; sourceTree = "<group>"; };
		5EBB8F551B201EFA009710F3 /* Base */ = {isa = PBXFileReference; lastKnownFileType = file.storyboard; name = Base; path = Base.lproj/Main.storyboard; sourceTree = "<group>"; };
		5EBB8F571B201EFA009710F3 /* Images.xcassets */ = {isa = PBXFileReference; lastKnownFileType = folder.assetcatalog; path = Images.xcassets; sourceTree = "<group>"; };
		5EBB8F5A1B201EFA009710F3 /* Base */ = {isa = PBXFileReference; lastKnownFileType = file.xib; name = Base; path = Base.lproj/LaunchScreen.xib; sourceTree = "<group>"; };
		5EBB8F601B201EFA009710F3 /* RestaurantPagesTests.xctest */ = {isa = PBXFileReference; explicitFileType = wrapper.cfbundle; includeInIndex = 0; path = RestaurantPagesTests.xctest; sourceTree = BUILT_PRODUCTS_DIR; };
		5EBB8F651B201EFA009710F3 /* Info.plist */ = {isa = PBXFileReference; lastKnownFileType = text.plist.xml; path = Info.plist; sourceTree = "<group>"; };
		5EBB8F661B201EFA009710F3 /* RestaurantPagesTests.swift */ = {isa = PBXFileReference; lastKnownFileType = sourcecode.swift; path = RestaurantPagesTests.swift; sourceTree = "<group>"; };
		5EBB8F711B201F17009710F3 /* recipe01.jpg */ = {isa = PBXFileReference; lastKnownFileType = image.jpeg; path = recipe01.jpg; sourceTree = "<group>"; };
		5EBB8F721B201F17009710F3 /* recipe02.jpg */ = {isa = PBXFileReference; lastKnownFileType = image.jpeg; path = recipe02.jpg; sourceTree = "<group>"; };
		5EBB8F731B201F17009710F3 /* recipe03.jpg */ = {isa = PBXFileReference; lastKnownFileType = image.jpeg; path = recipe03.jpg; sourceTree = "<group>"; };
		5EBB8F741B201F17009710F3 /* recipe04.jpg */ = {isa = PBXFileReference; lastKnownFileType = image.jpeg; path = recipe04.jpg; sourceTree = "<group>"; };
		5EBB8F791B201FA2009710F3 /* PagesCollectionViewController.swift */ = {isa = PBXFileReference; fileEncoding = 4; lastKnownFileType = sourcecode.swift; path = PagesCollectionViewController.swift; sourceTree = "<group>"; };
		5EBB8F7B1B202010009710F3 /* PageCollectionViewCell.swift */ = {isa = PBXFileReference; fileEncoding = 4; lastKnownFileType = sourcecode.swift; path = PageCollectionViewCell.swift; sourceTree = "<group>"; };
		5EBB8F7E1B20209D009710F3 /* UIColorExtensions.swift */ = {isa = PBXFileReference; fileEncoding = 4; lastKnownFileType = sourcecode.swift; path = UIColorExtensions.swift; sourceTree = "<group>"; };
		5EBB8F7F1B20209D009710F3 /* UIConstants.swift */ = {isa = PBXFileReference; fileEncoding = 4; lastKnownFileType = sourcecode.swift; path = UIConstants.swift; sourceTree = "<group>"; };
		5EBB8F801B20209D009710F3 /* UIControlExtensions.swift */ = {isa = PBXFileReference; fileEncoding = 4; lastKnownFileType = sourcecode.swift; path = UIControlExtensions.swift; sourceTree = "<group>"; };
		5EBB8F821B20209D009710F3 /* UITableViewExtensions.swift */ = {isa = PBXFileReference; fileEncoding = 4; lastKnownFileType = sourcecode.swift; path = UITableViewExtensions.swift; sourceTree = "<group>"; };
		5EBB8F831B20209D009710F3 /* UIViewExtentsions.swift */ = {isa = PBXFileReference; fileEncoding = 4; lastKnownFileType = sourcecode.swift; path = UIViewExtentsions.swift; sourceTree = "<group>"; };
		5EBB8F8A1B2020A8009710F3 /* Cartography.framework */ = {isa = PBXFileReference; lastKnownFileType = wrapper.framework; name = Cartography.framework; path = ../RestaurantEvent/Carthage/Cartography.framework; sourceTree = "<group>"; };
		5EF1685E1B228F5200032B92 /* UIViewController+TwitterPop.h */ = {isa = PBXFileReference; fileEncoding = 4; lastKnownFileType = sourcecode.c.h; name = "UIViewController+TwitterPop.h"; path = "Twitter/UIViewController+TwitterPop.h"; sourceTree = "<group>"; };
		5EF1685F1B228F5200032B92 /* UIViewController+TwitterPop.m */ = {isa = PBXFileReference; fileEncoding = 4; lastKnownFileType = sourcecode.c.objc; name = "UIViewController+TwitterPop.m"; path = "Twitter/UIViewController+TwitterPop.m"; sourceTree = "<group>"; };
		CFF4F4D7C49600ACC9C7C36E /* libPods.a */ = {isa = PBXFileReference; explicitFileType = archive.ar; includeInIndex = 0; path = libPods.a; sourceTree = BUILT_PRODUCTS_DIR; };
		E2B8822CB79835BA5EA428DC /* Pods.debug.xcconfig */ = {isa = PBXFileReference; includeInIndex = 1; lastKnownFileType = text.xcconfig; name = Pods.debug.xcconfig; path = "Pods/Target Support Files/Pods/Pods.debug.xcconfig"; sourceTree = "<group>"; };
/* End PBXFileReference section */

/* Begin PBXFrameworksBuildPhase section */
		5EBB8F481B201EFA009710F3 /* Frameworks */ = {
			isa = PBXFrameworksBuildPhase;
			buildActionMask = 2147483647;
			files = (
				5EBB8F8B1B2020A8009710F3 /* Cartography.framework in Frameworks */,
				72CFC636AB0611BE711F5DC6 /* libPods.a in Frameworks */,
				5E223E5D1B20849A0044F57C /* pop.framework in Frameworks */,
			);
			runOnlyForDeploymentPostprocessing = 0;
		};
		5EBB8F5D1B201EFA009710F3 /* Frameworks */ = {
			isa = PBXFrameworksBuildPhase;
			buildActionMask = 2147483647;
			files = (
			);
			runOnlyForDeploymentPostprocessing = 0;
		};
/* End PBXFrameworksBuildPhase section */

/* Begin PBXGroup section */
		5E71F8081B21F16A004B3152 /* Twitter */ = {
			isa = PBXGroup;
			children = (
				5E71F8091B21F19E004B3152 /* TwitterViewController.swift */,
				5E71F80B1B21F200004B3152 /* MeViewController.swift */,
				5EF1685E1B228F5200032B92 /* UIViewController+TwitterPop.h */,
				5EF1685F1B228F5200032B92 /* UIViewController+TwitterPop.m */,
			);
			name = Twitter;
			sourceTree = "<group>";
		};
		5E892BC51B211D89001BD556 /* CollectionViewControllers */ = {
			isa = PBXGroup;
			children = (
				5E7E9B171B21774E0052930F /* SPCellGenerator.swift */,
				5E892BC61B211DD3001BD556 /* RecipePhotoViewController.swift */,
			);
			name = CollectionViewControllers;
			path = ../../RestaurantEvent/RestaurantEvent/tabbar/CollectionViewControllers;
			sourceTree = "<group>";
		};
		5EBB8F421B201EFA009710F3 = {
			isa = PBXGroup;
			children = (
				5EBB8F8E1B2020D3009710F3 /* Frameworks */,
				5EBB8F4D1B201EFA009710F3 /* RestaurantPages */,
				5EBB8F631B201EFA009710F3 /* RestaurantPagesTests */,
				5EBB8F4C1B201EFA009710F3 /* Products */,
				72BF3700CAF80C603CEA9C5E /* Pods */,
			);
			sourceTree = "<group>";
		};
		5EBB8F4C1B201EFA009710F3 /* Products */ = {
			isa = PBXGroup;
			children = (
				5EBB8F4B1B201EFA009710F3 /* RestaurantPages.app */,
				5EBB8F601B201EFA009710F3 /* RestaurantPagesTests.xctest */,
			);
			name = Products;
			sourceTree = "<group>";
		};
		5EBB8F4D1B201EFA009710F3 /* RestaurantPages */ = {
			isa = PBXGroup;
			children = (
				5E71F80F1B21F534004B3152 /* IMG_0016.jpg */,
				5E71F8081B21F16A004B3152 /* Twitter */,
				5E892BC51B211D89001BD556 /* CollectionViewControllers */,
				5EBB8F7D1B20209D009710F3 /* UIKit */,
				5EBB8F701B201F17009710F3 /* Resources */,
				5EBB8F501B201EFA009710F3 /* AppDelegate.swift */,
				5EBB8F521B201EFA009710F3 /* ViewController.swift */,
				5E892BC81B211EDB001BD556 /* ScrollPopViewController.swift */,
				5EBB8F541B201EFA009710F3 /* Main.storyboard */,
				5EBB8F571B201EFA009710F3 /* Images.xcassets */,
				5EBB8F591B201EFA009710F3 /* LaunchScreen.xib */,
				5E892BC21B211D58001BD556 /* CollectionViews.storyboard */,
				5EBB8F4E1B201EFA009710F3 /* Supporting Files */,
				5EBB8F791B201FA2009710F3 /* PagesCollectionViewController.swift */,
				5EBB8F7B1B202010009710F3 /* PageCollectionViewCell.swift */,
				5E223E5F1B2085B30044F57C /* RestaurantPages-Bridging-Header.h */,
				5E223E631B2086340044F57C /* UIView+PopScrollView.h */,
				5E223E641B2086340044F57C /* UIView+PopScrollView.m */,
				5E223E5A1B2084610044F57C /* PanGestureScrollView.swift */,
			);
			path = RestaurantPages;
			sourceTree = "<group>";
		};
		5EBB8F4E1B201EFA009710F3 /* Supporting Files */ = {
			isa = PBXGroup;
			children = (
				5EBB8F4F1B201EFA009710F3 /* Info.plist */,
			);
			name = "Supporting Files";
			sourceTree = "<group>";
		};
		5EBB8F631B201EFA009710F3 /* RestaurantPagesTests */ = {
			isa = PBXGroup;
			children = (
				5EBB8F661B201EFA009710F3 /* RestaurantPagesTests.swift */,
				5EBB8F641B201EFA009710F3 /* Supporting Files */,
			);
			path = RestaurantPagesTests;
			sourceTree = "<group>";
		};
		5EBB8F641B201EFA009710F3 /* Supporting Files */ = {
			isa = PBXGroup;
			children = (
				5EBB8F651B201EFA009710F3 /* Info.plist */,
			);
			name = "Supporting Files";
			sourceTree = "<group>";
		};
		5EBB8F701B201F17009710F3 /* Resources */ = {
			isa = PBXGroup;
			children = (
				5EBB8F711B201F17009710F3 /* recipe01.jpg */,
				5EBB8F721B201F17009710F3 /* recipe02.jpg */,
				5EBB8F731B201F17009710F3 /* recipe03.jpg */,
				5EBB8F741B201F17009710F3 /* recipe04.jpg */,
			);
			name = Resources;
			path = ../../RestaurantEventBDD/RestaurantEventBDD/Resources;
			sourceTree = "<group>";
		};
		5EBB8F7D1B20209D009710F3 /* UIKit */ = {
			isa = PBXGroup;
			children = (
				5EBB8F7E1B20209D009710F3 /* UIColorExtensions.swift */,
				5EBB8F7F1B20209D009710F3 /* UIConstants.swift */,
				5EBB8F801B20209D009710F3 /* UIControlExtensions.swift */,
				5EBB8F821B20209D009710F3 /* UITableViewExtensions.swift */,
				5EBB8F831B20209D009710F3 /* UIViewExtentsions.swift */,
			);
			name = UIKit;
			path = ../../RestaurantEvent/RestaurantEvent/UIKit;
			sourceTree = "<group>";
		};
		5EBB8F8E1B2020D3009710F3 /* Frameworks */ = {
			isa = PBXGroup;
			children = (
				5E223E5C1B20849A0044F57C /* pop.framework */,
				5EBB8F8A1B2020A8009710F3 /* Cartography.framework */,
				CFF4F4D7C49600ACC9C7C36E /* libPods.a */,
			);
			name = Frameworks;
			sourceTree = "<group>";
		};
		72BF3700CAF80C603CEA9C5E /* Pods */ = {
			isa = PBXGroup;
			children = (
				E2B8822CB79835BA5EA428DC /* Pods.debug.xcconfig */,
				24735E03E7A83FE88481B432 /* Pods.release.xcconfig */,
			);
			name = Pods;
			sourceTree = "<group>";
		};
/* End PBXGroup section */

/* Begin PBXNativeTarget section */
		5EBB8F4A1B201EFA009710F3 /* RestaurantPages */ = {
			isa = PBXNativeTarget;
			buildConfigurationList = 5EBB8F6A1B201EFA009710F3 /* Build configuration list for PBXNativeTarget "RestaurantPages" */;
			buildPhases = (
				5F5E82BCE6EE3DEABA476049 /* Check Pods Manifest.lock */,
				5EBB8F471B201EFA009710F3 /* Sources */,
				5EBB8F481B201EFA009710F3 /* Frameworks */,
				5EBB8F491B201EFA009710F3 /* Resources */,
				5EBB8F8C1B2020AC009710F3 /* CopyFiles */,
				94283D08424285AB671F5D66 /* Copy Pods Resources */,
			);
			buildRules = (
			);
			dependencies = (
			);
			name = RestaurantPages;
			productName = RestaurantPages;
			productReference = 5EBB8F4B1B201EFA009710F3 /* RestaurantPages.app */;
			productType = "com.apple.product-type.application";
		};
		5EBB8F5F1B201EFA009710F3 /* RestaurantPagesTests */ = {
			isa = PBXNativeTarget;
			buildConfigurationList = 5EBB8F6D1B201EFA009710F3 /* Build configuration list for PBXNativeTarget "RestaurantPagesTests" */;
			buildPhases = (
				5EBB8F5C1B201EFA009710F3 /* Sources */,
				5EBB8F5D1B201EFA009710F3 /* Frameworks */,
				5EBB8F5E1B201EFA009710F3 /* Resources */,
			);
			buildRules = (
			);
			dependencies = (
				5EBB8F621B201EFA009710F3 /* PBXTargetDependency */,
			);
			name = RestaurantPagesTests;
			productName = RestaurantPagesTests;
			productReference = 5EBB8F601B201EFA009710F3 /* RestaurantPagesTests.xctest */;
			productType = "com.apple.product-type.bundle.unit-test";
		};
/* End PBXNativeTarget section */

/* Begin PBXProject section */
		5EBB8F431B201EFA009710F3 /* Project object */ = {
			isa = PBXProject;
			attributes = {
				LastUpgradeCheck = 0630;
				ORGANIZATIONNAME = djzhang;
				TargetAttributes = {
					5EBB8F4A1B201EFA009710F3 = {
						CreatedOnToolsVersion = 6.3.2;
						DevelopmentTeam = VCRS784KF3;
					};
					5EBB8F5F1B201EFA009710F3 = {
						CreatedOnToolsVersion = 6.3.2;
						TestTargetID = 5EBB8F4A1B201EFA009710F3;
					};
				};
			};
			buildConfigurationList = 5EBB8F461B201EFA009710F3 /* Build configuration list for PBXProject "RestaurantPages" */;
			compatibilityVersion = "Xcode 3.2";
			developmentRegion = English;
			hasScannedForEncodings = 0;
			knownRegions = (
				en,
				Base,
			);
			mainGroup = 5EBB8F421B201EFA009710F3;
			productRefGroup = 5EBB8F4C1B201EFA009710F3 /* Products */;
			projectDirPath = "";
			projectRoot = "";
			targets = (
				5EBB8F4A1B201EFA009710F3 /* RestaurantPages */,
				5EBB8F5F1B201EFA009710F3 /* RestaurantPagesTests */,
			);
		};
/* End PBXProject section */

/* Begin PBXResourcesBuildPhase section */
		5EBB8F491B201EFA009710F3 /* Resources */ = {
			isa = PBXResourcesBuildPhase;
			buildActionMask = 2147483647;
			files = (
				5EBB8F781B201F17009710F3 /* recipe04.jpg in Resources */,
				5EBB8F771B201F17009710F3 /* recipe03.jpg in Resources */,
				5EBB8F751B201F17009710F3 /* recipe01.jpg in Resources */,
				5E892BC41B211D58001BD556 /* CollectionViews.storyboard in Resources */,
				5E71F8101B21F534004B3152 /* IMG_0016.jpg in Resources */,
				5EBB8F561B201EFA009710F3 /* Main.storyboard in Resources */,
				5EBB8F5B1B201EFA009710F3 /* LaunchScreen.xib in Resources */,
				5EBB8F761B201F17009710F3 /* recipe02.jpg in Resources */,
				5EBB8F581B201EFA009710F3 /* Images.xcassets in Resources */,
			);
			runOnlyForDeploymentPostprocessing = 0;
		};
		5EBB8F5E1B201EFA009710F3 /* Resources */ = {
			isa = PBXResourcesBuildPhase;
			buildActionMask = 2147483647;
			files = (
			);
			runOnlyForDeploymentPostprocessing = 0;
		};
/* End PBXResourcesBuildPhase section */

/* Begin PBXShellScriptBuildPhase section */
		5F5E82BCE6EE3DEABA476049 /* Check Pods Manifest.lock */ = {
			isa = PBXShellScriptBuildPhase;
			buildActionMask = 2147483647;
			files = (
			);
			inputPaths = (
			);
			name = "Check Pods Manifest.lock";
			outputPaths = (
			);
			runOnlyForDeploymentPostprocessing = 0;
			shellPath = /bin/sh;
			shellScript = "diff \"${PODS_ROOT}/../Podfile.lock\" \"${PODS_ROOT}/Manifest.lock\" > /dev/null\nif [[ $? != 0 ]] ; then\n    cat << EOM\nerror: The sandbox is not in sync with the Podfile.lock. Run 'pod install' or update your CocoaPods installation.\nEOM\n    exit 1\nfi\n";
			showEnvVarsInLog = 0;
		};
		94283D08424285AB671F5D66 /* Copy Pods Resources */ = {
			isa = PBXShellScriptBuildPhase;
			buildActionMask = 2147483647;
			files = (
			);
			inputPaths = (
			);
			name = "Copy Pods Resources";
			outputPaths = (
			);
			runOnlyForDeploymentPostprocessing = 0;
			shellPath = /bin/sh;
			shellScript = "\"${SRCROOT}/Pods/Target Support Files/Pods/Pods-resources.sh\"\n";
			showEnvVarsInLog = 0;
		};
/* End PBXShellScriptBuildPhase section */

/* Begin PBXSourcesBuildPhase section */
		5EBB8F471B201EFA009710F3 /* Sources */ = {
			isa = PBXSourcesBuildPhase;
			buildActionMask = 2147483647;
			files = (
				5E7E9B181B21774E0052930F /* SPCellGenerator.swift in Sources */,
				5EBB8F7A1B201FA2009710F3 /* PagesCollectionViewController.swift in Sources */,
				5E71F80C1B21F200004B3152 /* MeViewController.swift in Sources */,
				5EBB8F861B20209D009710F3 /* UIControlExtensions.swift in Sources */,
				5EBB8F881B20209D009710F3 /* UITableViewExtensions.swift in Sources */,
				5E892BC71B211DD3001BD556 /* RecipePhotoViewController.swift in Sources */,
				5E223E5B1B2084610044F57C /* PanGestureScrollView.swift in Sources */,
				5EBB8F531B201EFA009710F3 /* ViewController.swift in Sources */,
				5EBB8F511B201EFA009710F3 /* AppDelegate.swift in Sources */,
				5EBB8F7C1B202010009710F3 /* PageCollectionViewCell.swift in Sources */,
				5EBB8F891B20209D009710F3 /* UIViewExtentsions.swift in Sources */,
				5E892BC91B211EDB001BD556 /* ScrollPopViewController.swift in Sources */,
				5EBB8F841B20209D009710F3 /* UIColorExtensions.swift in Sources */,
				5E71F80A1B21F19E004B3152 /* TwitterViewController.swift in Sources */,
				5EBB8F851B20209D009710F3 /* UIConstants.swift in Sources */,
				5EF168601B228F5200032B92 /* UIViewController+TwitterPop.m in Sources */,
				5E223E651B2086340044F57C /* UIView+PopScrollView.m in Sources */,
			);
			runOnlyForDeploymentPostprocessing = 0;
		};
		5EBB8F5C1B201EFA009710F3 /* Sources */ = {
			isa = PBXSourcesBuildPhase;
			buildActionMask = 2147483647;
			files = (
				5EBB8F671B201EFA009710F3 /* RestaurantPagesTests.swift in Sources */,
			);
			runOnlyForDeploymentPostprocessing = 0;
		};
/* End PBXSourcesBuildPhase section */

/* Begin PBXTargetDependency section */
		5EBB8F621B201EFA009710F3 /* PBXTargetDependency */ = {
			isa = PBXTargetDependency;
			target = 5EBB8F4A1B201EFA009710F3 /* RestaurantPages */;
			targetProxy = 5EBB8F611B201EFA009710F3 /* PBXContainerItemProxy */;
		};
/* End PBXTargetDependency section */

/* Begin PBXVariantGroup section */
		5E892BC21B211D58001BD556 /* CollectionViews.storyboard */ = {
			isa = PBXVariantGroup;
			children = (
				5E892BC31B211D58001BD556 /* Base */,
			);
			name = CollectionViews.storyboard;
			sourceTree = "<group>";
		};
		5EBB8F541B201EFA009710F3 /* Main.storyboard */ = {
			isa = PBXVariantGroup;
			children = (
				5EBB8F551B201EFA009710F3 /* Base */,
			);
			name = Main.storyboard;
			sourceTree = "<group>";
		};
		5EBB8F591B201EFA009710F3 /* LaunchScreen.xib */ = {
			isa = PBXVariantGroup;
			children = (
				5EBB8F5A1B201EFA009710F3 /* Base */,
			);
			name = LaunchScreen.xib;
			sourceTree = "<group>";
		};
/* End PBXVariantGroup section */

/* Begin XCBuildConfiguration section */
		5EBB8F681B201EFA009710F3 /* Debug */ = {
			isa = XCBuildConfiguration;
			buildSettings = {
				ALWAYS_SEARCH_USER_PATHS = NO;
				CLANG_CXX_LANGUAGE_STANDARD = "gnu++0x";
				CLANG_CXX_LIBRARY = "libc++";
				CLANG_ENABLE_MODULES = YES;
				CLANG_ENABLE_OBJC_ARC = YES;
				CLANG_WARN_BOOL_CONVERSION = YES;
				CLANG_WARN_CONSTANT_CONVERSION = YES;
				CLANG_WARN_DIRECT_OBJC_ISA_USAGE = YES_ERROR;
				CLANG_WARN_EMPTY_BODY = YES;
				CLANG_WARN_ENUM_CONVERSION = YES;
				CLANG_WARN_INT_CONVERSION = YES;
				CLANG_WARN_OBJC_ROOT_CLASS = YES_ERROR;
				CLANG_WARN_UNREACHABLE_CODE = YES;
				CLANG_WARN__DUPLICATE_METHOD_MATCH = YES;
				"CODE_SIGN_IDENTITY[sdk=iphoneos*]" = "iPhone Developer";
				COPY_PHASE_STRIP = NO;
				DEBUG_INFORMATION_FORMAT = "dwarf-with-dsym";
				ENABLE_STRICT_OBJC_MSGSEND = YES;
				GCC_C_LANGUAGE_STANDARD = gnu99;
				GCC_DYNAMIC_NO_PIC = NO;
				GCC_NO_COMMON_BLOCKS = YES;
				GCC_OPTIMIZATION_LEVEL = 0;
				GCC_PREPROCESSOR_DEFINITIONS = (
					"DEBUG=1",
					"$(inherited)",
				);
				GCC_SYMBOLS_PRIVATE_EXTERN = NO;
				GCC_WARN_64_TO_32_BIT_CONVERSION = YES;
				GCC_WARN_ABOUT_RETURN_TYPE = YES_ERROR;
				GCC_WARN_UNDECLARED_SELECTOR = YES;
				GCC_WARN_UNINITIALIZED_AUTOS = YES_AGGRESSIVE;
				GCC_WARN_UNUSED_FUNCTION = YES;
				GCC_WARN_UNUSED_VARIABLE = YES;
				IPHONEOS_DEPLOYMENT_TARGET = 8.3;
				MTL_ENABLE_DEBUG_INFO = YES;
				ONLY_ACTIVE_ARCH = YES;
				SDKROOT = iphoneos;
				SWIFT_OPTIMIZATION_LEVEL = "-Onone";
			};
			name = Debug;
		};
		5EBB8F691B201EFA009710F3 /* Release */ = {
			isa = XCBuildConfiguration;
			buildSettings = {
				ALWAYS_SEARCH_USER_PATHS = NO;
				CLANG_CXX_LANGUAGE_STANDARD = "gnu++0x";
				CLANG_CXX_LIBRARY = "libc++";
				CLANG_ENABLE_MODULES = YES;
				CLANG_ENABLE_OBJC_ARC = YES;
				CLANG_WARN_BOOL_CONVERSION = YES;
				CLANG_WARN_CONSTANT_CONVERSION = YES;
				CLANG_WARN_DIRECT_OBJC_ISA_USAGE = YES_ERROR;
				CLANG_WARN_EMPTY_BODY = YES;
				CLANG_WARN_ENUM_CONVERSION = YES;
				CLANG_WARN_INT_CONVERSION = YES;
				CLANG_WARN_OBJC_ROOT_CLASS = YES_ERROR;
				CLANG_WARN_UNREACHABLE_CODE = YES;
				CLANG_WARN__DUPLICATE_METHOD_MATCH = YES;
				"CODE_SIGN_IDENTITY[sdk=iphoneos*]" = "iPhone Developer";
				COPY_PHASE_STRIP = NO;
				DEBUG_INFORMATION_FORMAT = "dwarf-with-dsym";
				ENABLE_NS_ASSERTIONS = NO;
				ENABLE_STRICT_OBJC_MSGSEND = YES;
				GCC_C_LANGUAGE_STANDARD = gnu99;
				GCC_NO_COMMON_BLOCKS = YES;
				GCC_WARN_64_TO_32_BIT_CONVERSION = YES;
				GCC_WARN_ABOUT_RETURN_TYPE = YES_ERROR;
				GCC_WARN_UNDECLARED_SELECTOR = YES;
				GCC_WARN_UNINITIALIZED_AUTOS = YES_AGGRESSIVE;
				GCC_WARN_UNUSED_FUNCTION = YES;
				GCC_WARN_UNUSED_VARIABLE = YES;
				IPHONEOS_DEPLOYMENT_TARGET = 8.3;
				MTL_ENABLE_DEBUG_INFO = NO;
				SDKROOT = iphoneos;
				VALIDATE_PRODUCT = YES;
			};
			name = Release;
		};
		5EBB8F6B1B201EFA009710F3 /* Debug */ = {
			isa = XCBuildConfiguration;
			baseConfigurationReference = E2B8822CB79835BA5EA428DC /* Pods.debug.xcconfig */;
			buildSettings = {
				ASSETCATALOG_COMPILER_APPICON_NAME = AppIcon;
				CLANG_ENABLE_MODULES = YES;
				CODE_SIGN_IDENTITY = "iPhone Developer";
				FRAMEWORK_SEARCH_PATHS = (
					"$(inherited)",
					"/Users/djzhang/Desktop/wanghaogithub720/parse-tutorials/Anypic/RestaurantEvent/Carthage",
				);
				INFOPLIST_FILE = RestaurantPages/Info.plist;
				LD_RUNPATH_SEARCH_PATHS = "$(inherited) @executable_path/Frameworks";
				PRODUCT_NAME = "$(TARGET_NAME)";
				SWIFT_OBJC_BRIDGING_HEADER = "RestaurantPages/RestaurantPages-Bridging-Header.h";
				SWIFT_OPTIMIZATION_LEVEL = "-Onone";
			};
			name = Debug;
		};
		5EBB8F6C1B201EFA009710F3 /* Release */ = {
			isa = XCBuildConfiguration;
			baseConfigurationReference = 24735E03E7A83FE88481B432 /* Pods.release.xcconfig */;
			buildSettings = {
				ASSETCATALOG_COMPILER_APPICON_NAME = AppIcon;
				CLANG_ENABLE_MODULES = YES;
				CODE_SIGN_IDENTITY = "iPhone Developer";
				FRAMEWORK_SEARCH_PATHS = (
					"$(inherited)",
					"/Users/djzhang/Desktop/wanghaogithub720/parse-tutorials/Anypic/RestaurantEvent/Carthage",
				);
				INFOPLIST_FILE = RestaurantPages/Info.plist;
				LD_RUNPATH_SEARCH_PATHS = "$(inherited) @executable_path/Frameworks";
				PRODUCT_NAME = "$(TARGET_NAME)";
				SWIFT_OBJC_BRIDGING_HEADER = "RestaurantPages/RestaurantPages-Bridging-Header.h";
			};
			name = Release;
		};
		5EBB8F6E1B201EFA009710F3 /* Debug */ = {
			isa = XCBuildConfiguration;
			buildSettings = {
				BUNDLE_LOADER = "$(TEST_HOST)";
				FRAMEWORK_SEARCH_PATHS = (
					"$(SDKROOT)/Developer/Library/Frameworks",
					"$(inherited)",
				);
				GCC_PREPROCESSOR_DEFINITIONS = (
					"DEBUG=1",
					"$(inherited)",
				);
				INFOPLIST_FILE = RestaurantPagesTests/Info.plist;
				LD_RUNPATH_SEARCH_PATHS = "$(inherited) @executable_path/Frameworks @loader_path/Frameworks";
				PRODUCT_NAME = "$(TARGET_NAME)";
				TEST_HOST = "$(BUILT_PRODUCTS_DIR)/RestaurantPages.app/RestaurantPages";
			};
			name = Debug;
		};
		5EBB8F6F1B201EFA009710F3 /* Release */ = {
			isa = XCBuildConfiguration;
			buildSettings = {
				BUNDLE_LOADER = "$(TEST_HOST)";
				FRAMEWORK_SEARCH_PATHS = (
					"$(SDKROOT)/Developer/Library/Frameworks",
					"$(inherited)",
				);
				INFOPLIST_FILE = RestaurantPagesTests/Info.plist;
				LD_RUNPATH_SEARCH_PATHS = "$(inherited) @executable_path/Frameworks @loader_path/Frameworks";
				PRODUCT_NAME = "$(TARGET_NAME)";
				TEST_HOST = "$(BUILT_PRODUCTS_DIR)/RestaurantPages.app/RestaurantPages";
			};
			name = Release;
		};
/* End XCBuildConfiguration section */

/* Begin XCConfigurationList section */
		5EBB8F461B201EFA009710F3 /* Build configuration list for PBXProject "RestaurantPages" */ = {
			isa = XCConfigurationList;
			buildConfigurations = (
				5EBB8F681B201EFA009710F3 /* Debug */,
				5EBB8F691B201EFA009710F3 /* Release */,
			);
			defaultConfigurationIsVisible = 0;
			defaultConfigurationName = Release;
		};
		5EBB8F6A1B201EFA009710F3 /* Build configuration list for PBXNativeTarget "RestaurantPages" */ = {
			isa = XCConfigurationList;
			buildConfigurations = (
				5EBB8F6B1B201EFA009710F3 /* Debug */,
				5EBB8F6C1B201EFA009710F3 /* Release */,
			);
			defaultConfigurationIsVisible = 0;
			defaultConfigurationName = Release;
		};
		5EBB8F6D1B201EFA009710F3 /* Build configuration list for PBXNativeTarget "RestaurantPagesTests" */ = {
			isa = XCConfigurationList;
			buildConfigurations = (
				5EBB8F6E1B201EFA009710F3 /* Debug */,
				5EBB8F6F1B201EFA009710F3 /* Release */,
			);
			defaultConfigurationIsVisible = 0;
			defaultConfigurationName = Release;
		};
/* End XCConfigurationList section */
	};
	rootObject = 5EBB8F431B201EFA009710F3 /* Project object */;
}
