// !$*UTF8*$!
{
	archiveVersion = 1;
	classes = {
	};
	objectVersion = 46;
	objects = {

/* Begin PBXBuildFile section */
		5E0D48851B156F11005ECFB2 /* Cartography.framework in Frameworks */ = {isa = PBXBuildFile; fileRef = 5E0D48841B156F11005ECFB2 /* Cartography.framework */; };
		5E170F931B15B63D007EDE70 /* PAWLoginViewController.m in Sources */ = {isa = PBXBuildFile; fileRef = 5E170F861B15B63D007EDE70 /* PAWLoginViewController.m */; };
		5E170F941B15B63D007EDE70 /* PAWLoginViewController.xib in Resources */ = {isa = PBXBuildFile; fileRef = 5E170F871B15B63D007EDE70 /* PAWLoginViewController.xib */; };
		5E170F951B15B63D007EDE70 /* PAWNewUserViewController.m in Sources */ = {isa = PBXBuildFile; fileRef = 5E170F8A1B15B63D007EDE70 /* PAWNewUserViewController.m */; };
		5E170F961B15B63D007EDE70 /* PAWNewUserViewController.xib in Resources */ = {isa = PBXBuildFile; fileRef = 5E170F8B1B15B63D007EDE70 /* PAWNewUserViewController.xib */; };
		5E170F971B15B63D007EDE70 /* PAWPost.m in Sources */ = {isa = PBXBuildFile; fileRef = 5E170F8E1B15B63D007EDE70 /* PAWPost.m */; };
		5E170F981B15B63D007EDE70 /* PAWActivityView.m in Sources */ = {isa = PBXBuildFile; fileRef = 5E170F921B15B63D007EDE70 /* PAWActivityView.m */; };
		5ECA62F61B156A2500A0B4E8 /* AppDelegate.swift in Sources */ = {isa = PBXBuildFile; fileRef = 5ECA62F51B156A2500A0B4E8 /* AppDelegate.swift */; };
		5ECA62F81B156A2500A0B4E8 /* ViewController.swift in Sources */ = {isa = PBXBuildFile; fileRef = 5ECA62F71B156A2500A0B4E8 /* ViewController.swift */; };
		5ECA62FB1B156A2500A0B4E8 /* Main.storyboard in Resources */ = {isa = PBXBuildFile; fileRef = 5ECA62F91B156A2500A0B4E8 /* Main.storyboard */; };
		5ECA62FD1B156A2500A0B4E8 /* Images.xcassets in Resources */ = {isa = PBXBuildFile; fileRef = 5ECA62FC1B156A2500A0B4E8 /* Images.xcassets */; };
		5ECA63001B156A2500A0B4E8 /* LaunchScreen.xib in Resources */ = {isa = PBXBuildFile; fileRef = 5ECA62FE1B156A2500A0B4E8 /* LaunchScreen.xib */; };
		5ECA630C1B156A2500A0B4E8 /* RestaurantEventTests.swift in Sources */ = {isa = PBXBuildFile; fileRef = 5ECA630B1B156A2500A0B4E8 /* RestaurantEventTests.swift */; };
		E20891F980262F9B1EBDDD2C /* libPods.a in Frameworks */ = {isa = PBXBuildFile; fileRef = EB3DC49AAA39E561943DC899 /* libPods.a */; };
/* End PBXBuildFile section */

/* Begin PBXContainerItemProxy section */
		5ECA63061B156A2500A0B4E8 /* PBXContainerItemProxy */ = {
			isa = PBXContainerItemProxy;
			containerPortal = 5ECA62E81B156A2500A0B4E8 /* Project object */;
			proxyType = 1;
			remoteGlobalIDString = 5ECA62EF1B156A2500A0B4E8;
			remoteInfo = RestaurantEvent;
		};
/* End PBXContainerItemProxy section */

/* Begin PBXFileReference section */
		4FE7D8372049D94E8113D39F /* Pods.release.xcconfig */ = {isa = PBXFileReference; includeInIndex = 1; lastKnownFileType = text.xcconfig; name = Pods.release.xcconfig; path = "Pods/Target Support Files/Pods/Pods.release.xcconfig"; sourceTree = "<group>"; };
		5E0D48841B156F11005ECFB2 /* Cartography.framework */ = {isa = PBXFileReference; lastKnownFileType = wrapper.framework; name = Cartography.framework; path = Carthage/Cartography.framework; sourceTree = "<group>"; };
		5E0D48871B157001005ECFB2 /* RestaurantEvent-Bridging-Header.h */ = {isa = PBXFileReference; lastKnownFileType = sourcecode.c.h; path = "RestaurantEvent-Bridging-Header.h"; sourceTree = "<group>"; };
		5E170F821B15B63D007EDE70 /* PAWConstants.h */ = {isa = PBXFileReference; fileEncoding = 4; lastKnownFileType = sourcecode.c.h; path = PAWConstants.h; sourceTree = "<group>"; };
		5E170F851B15B63D007EDE70 /* PAWLoginViewController.h */ = {isa = PBXFileReference; fileEncoding = 4; lastKnownFileType = sourcecode.c.h; path = PAWLoginViewController.h; sourceTree = "<group>"; };
		5E170F861B15B63D007EDE70 /* PAWLoginViewController.m */ = {isa = PBXFileReference; fileEncoding = 4; lastKnownFileType = sourcecode.c.objc; path = PAWLoginViewController.m; sourceTree = "<group>"; };
		5E170F871B15B63D007EDE70 /* PAWLoginViewController.xib */ = {isa = PBXFileReference; fileEncoding = 4; lastKnownFileType = file.xib; path = PAWLoginViewController.xib; sourceTree = "<group>"; };
		5E170F891B15B63D007EDE70 /* PAWNewUserViewController.h */ = {isa = PBXFileReference; fileEncoding = 4; lastKnownFileType = sourcecode.c.h; path = PAWNewUserViewController.h; sourceTree = "<group>"; };
		5E170F8A1B15B63D007EDE70 /* PAWNewUserViewController.m */ = {isa = PBXFileReference; fileEncoding = 4; lastKnownFileType = sourcecode.c.objc; path = PAWNewUserViewController.m; sourceTree = "<group>"; };
		5E170F8B1B15B63D007EDE70 /* PAWNewUserViewController.xib */ = {isa = PBXFileReference; fileEncoding = 4; lastKnownFileType = file.xib; path = PAWNewUserViewController.xib; sourceTree = "<group>"; };
		5E170F8D1B15B63D007EDE70 /* PAWPost.h */ = {isa = PBXFileReference; fileEncoding = 4; lastKnownFileType = sourcecode.c.h; path = PAWPost.h; sourceTree = "<group>"; };
		5E170F8E1B15B63D007EDE70 /* PAWPost.m */ = {isa = PBXFileReference; fileEncoding = 4; lastKnownFileType = sourcecode.c.objc; path = PAWPost.m; sourceTree = "<group>"; };
		5E170F8F1B15B63D007EDE70 /* RESources.h */ = {isa = PBXFileReference; fileEncoding = 4; lastKnownFileType = sourcecode.c.h; path = RESources.h; sourceTree = "<group>"; };
		5E170F911B15B63D007EDE70 /* PAWActivityView.h */ = {isa = PBXFileReference; fileEncoding = 4; lastKnownFileType = sourcecode.c.h; path = PAWActivityView.h; sourceTree = "<group>"; };
		5E170F921B15B63D007EDE70 /* PAWActivityView.m */ = {isa = PBXFileReference; fileEncoding = 4; lastKnownFileType = sourcecode.c.objc; path = PAWActivityView.m; sourceTree = "<group>"; };
		5ECA62F01B156A2500A0B4E8 /* RestaurantEvent.app */ = {isa = PBXFileReference; explicitFileType = wrapper.application; includeInIndex = 0; path = RestaurantEvent.app; sourceTree = BUILT_PRODUCTS_DIR; };
		5ECA62F41B156A2500A0B4E8 /* Info.plist */ = {isa = PBXFileReference; lastKnownFileType = text.plist.xml; path = Info.plist; sourceTree = "<group>"; };
		5ECA62F51B156A2500A0B4E8 /* AppDelegate.swift */ = {isa = PBXFileReference; lastKnownFileType = sourcecode.swift; path = AppDelegate.swift; sourceTree = "<group>"; };
		5ECA62F71B156A2500A0B4E8 /* ViewController.swift */ = {isa = PBXFileReference; lastKnownFileType = sourcecode.swift; path = ViewController.swift; sourceTree = "<group>"; };
		5ECA62FA1B156A2500A0B4E8 /* Base */ = {isa = PBXFileReference; lastKnownFileType = file.storyboard; name = Base; path = Base.lproj/Main.storyboard; sourceTree = "<group>"; };
		5ECA62FC1B156A2500A0B4E8 /* Images.xcassets */ = {isa = PBXFileReference; lastKnownFileType = folder.assetcatalog; path = Images.xcassets; sourceTree = "<group>"; };
		5ECA62FF1B156A2500A0B4E8 /* Base */ = {isa = PBXFileReference; lastKnownFileType = file.xib; name = Base; path = Base.lproj/LaunchScreen.xib; sourceTree = "<group>"; };
		5ECA63051B156A2500A0B4E8 /* RestaurantEventTests.xctest */ = {isa = PBXFileReference; explicitFileType = wrapper.cfbundle; includeInIndex = 0; path = RestaurantEventTests.xctest; sourceTree = BUILT_PRODUCTS_DIR; };
		5ECA630A1B156A2500A0B4E8 /* Info.plist */ = {isa = PBXFileReference; lastKnownFileType = text.plist.xml; path = Info.plist; sourceTree = "<group>"; };
		5ECA630B1B156A2500A0B4E8 /* RestaurantEventTests.swift */ = {isa = PBXFileReference; lastKnownFileType = sourcecode.swift; path = RestaurantEventTests.swift; sourceTree = "<group>"; };
		C6CAE07539DD58B4FB1C7AD0 /* Pods.debug.xcconfig */ = {isa = PBXFileReference; includeInIndex = 1; lastKnownFileType = text.xcconfig; name = Pods.debug.xcconfig; path = "Pods/Target Support Files/Pods/Pods.debug.xcconfig"; sourceTree = "<group>"; };
		EB3DC49AAA39E561943DC899 /* libPods.a */ = {isa = PBXFileReference; explicitFileType = archive.ar; includeInIndex = 0; path = libPods.a; sourceTree = BUILT_PRODUCTS_DIR; };
/* End PBXFileReference section */

/* Begin PBXFrameworksBuildPhase section */
		5ECA62ED1B156A2500A0B4E8 /* Frameworks */ = {
			isa = PBXFrameworksBuildPhase;
			buildActionMask = 2147483647;
			files = (
				E20891F980262F9B1EBDDD2C /* libPods.a in Frameworks */,
				5E0D48851B156F11005ECFB2 /* Cartography.framework in Frameworks */,
			);
			runOnlyForDeploymentPostprocessing = 0;
		};
		5ECA63021B156A2500A0B4E8 /* Frameworks */ = {
			isa = PBXFrameworksBuildPhase;
			buildActionMask = 2147483647;
			files = (
			);
			runOnlyForDeploymentPostprocessing = 0;
		};
/* End PBXFrameworksBuildPhase section */

/* Begin PBXGroup section */
		5E170F801B15B63D007EDE70 /* business_layout */ = {
			isa = PBXGroup;
			children = (
				5E170F811B15B63D007EDE70 /* Constants */,
				5E170F831B15B63D007EDE70 /* Controllers */,
				5E170F8C1B15B63D007EDE70 /* Models */,
				5E170F8F1B15B63D007EDE70 /* RESources.h */,
				5E170F901B15B63D007EDE70 /* Views */,
			);
			path = business_layout;
			sourceTree = "<group>";
		};
		5E170F811B15B63D007EDE70 /* Constants */ = {
			isa = PBXGroup;
			children = (
				5E170F821B15B63D007EDE70 /* PAWConstants.h */,
			);
			path = Constants;
			sourceTree = "<group>";
		};
		5E170F831B15B63D007EDE70 /* Controllers */ = {
			isa = PBXGroup;
			children = (
				5E170F841B15B63D007EDE70 /* Login */,
				5E170F881B15B63D007EDE70 /* NewUser */,
			);
			path = Controllers;
			sourceTree = "<group>";
		};
		5E170F841B15B63D007EDE70 /* Login */ = {
			isa = PBXGroup;
			children = (
				5E170F851B15B63D007EDE70 /* PAWLoginViewController.h */,
				5E170F861B15B63D007EDE70 /* PAWLoginViewController.m */,
				5E170F871B15B63D007EDE70 /* PAWLoginViewController.xib */,
			);
			path = Login;
			sourceTree = "<group>";
		};
		5E170F881B15B63D007EDE70 /* NewUser */ = {
			isa = PBXGroup;
			children = (
				5E170F891B15B63D007EDE70 /* PAWNewUserViewController.h */,
				5E170F8A1B15B63D007EDE70 /* PAWNewUserViewController.m */,
				5E170F8B1B15B63D007EDE70 /* PAWNewUserViewController.xib */,
			);
			path = NewUser;
			sourceTree = "<group>";
		};
		5E170F8C1B15B63D007EDE70 /* Models */ = {
			isa = PBXGroup;
			children = (
				5E170F8D1B15B63D007EDE70 /* PAWPost.h */,
				5E170F8E1B15B63D007EDE70 /* PAWPost.m */,
			);
			path = Models;
			sourceTree = "<group>";
		};
		5E170F901B15B63D007EDE70 /* Views */ = {
			isa = PBXGroup;
			children = (
				5E170F911B15B63D007EDE70 /* PAWActivityView.h */,
				5E170F921B15B63D007EDE70 /* PAWActivityView.m */,
			);
			path = Views;
			sourceTree = "<group>";
		};
		5ECA62E71B156A2500A0B4E8 = {
			isa = PBXGroup;
			children = (
				5ECA62F21B156A2500A0B4E8 /* RestaurantEvent */,
				5ECA63081B156A2500A0B4E8 /* RestaurantEventTests */,
				5ECA62F11B156A2500A0B4E8 /* Products */,
				946B17E26E2D31B4B0E3B5B6 /* Pods */,
				FA2AA4C54BAAB0D2D18A5170 /* Frameworks */,
			);
			sourceTree = "<group>";
		};
		5ECA62F11B156A2500A0B4E8 /* Products */ = {
			isa = PBXGroup;
			children = (
				5ECA62F01B156A2500A0B4E8 /* RestaurantEvent.app */,
				5ECA63051B156A2500A0B4E8 /* RestaurantEventTests.xctest */,
			);
			name = Products;
			sourceTree = "<group>";
		};
		5ECA62F21B156A2500A0B4E8 /* RestaurantEvent */ = {
			isa = PBXGroup;
			children = (
				5E170F801B15B63D007EDE70 /* business_layout */,
				5ECA62F51B156A2500A0B4E8 /* AppDelegate.swift */,
				5ECA62F71B156A2500A0B4E8 /* ViewController.swift */,
				5ECA62F91B156A2500A0B4E8 /* Main.storyboard */,
				5ECA62FC1B156A2500A0B4E8 /* Images.xcassets */,
				5ECA62FE1B156A2500A0B4E8 /* LaunchScreen.xib */,
				5ECA62F31B156A2500A0B4E8 /* Supporting Files */,
				5E0D48871B157001005ECFB2 /* RestaurantEvent-Bridging-Header.h */,
			);
			path = RestaurantEvent;
			sourceTree = "<group>";
		};
		5ECA62F31B156A2500A0B4E8 /* Supporting Files */ = {
			isa = PBXGroup;
			children = (
				5ECA62F41B156A2500A0B4E8 /* Info.plist */,
			);
			name = "Supporting Files";
			sourceTree = "<group>";
		};
		5ECA63081B156A2500A0B4E8 /* RestaurantEventTests */ = {
			isa = PBXGroup;
			children = (
				5ECA630B1B156A2500A0B4E8 /* RestaurantEventTests.swift */,
				5ECA63091B156A2500A0B4E8 /* Supporting Files */,
			);
			path = RestaurantEventTests;
			sourceTree = "<group>";
		};
		5ECA63091B156A2500A0B4E8 /* Supporting Files */ = {
			isa = PBXGroup;
			children = (
				5ECA630A1B156A2500A0B4E8 /* Info.plist */,
			);
			name = "Supporting Files";
			sourceTree = "<group>";
		};
		946B17E26E2D31B4B0E3B5B6 /* Pods */ = {
			isa = PBXGroup;
			children = (
				C6CAE07539DD58B4FB1C7AD0 /* Pods.debug.xcconfig */,
				4FE7D8372049D94E8113D39F /* Pods.release.xcconfig */,
			);
			name = Pods;
			sourceTree = "<group>";
		};
		FA2AA4C54BAAB0D2D18A5170 /* Frameworks */ = {
			isa = PBXGroup;
			children = (
				5E0D48841B156F11005ECFB2 /* Cartography.framework */,
				EB3DC49AAA39E561943DC899 /* libPods.a */,
			);
			name = Frameworks;
			sourceTree = "<group>";
		};
/* End PBXGroup section */

/* Begin PBXNativeTarget section */
		5ECA62EF1B156A2500A0B4E8 /* RestaurantEvent */ = {
			isa = PBXNativeTarget;
			buildConfigurationList = 5ECA630F1B156A2500A0B4E8 /* Build configuration list for PBXNativeTarget "RestaurantEvent" */;
			buildPhases = (
				F416AE9FBDBFCA8A43374593 /* Check Pods Manifest.lock */,
				5ECA62EC1B156A2500A0B4E8 /* Sources */,
				5ECA62ED1B156A2500A0B4E8 /* Frameworks */,
				5ECA62EE1B156A2500A0B4E8 /* Resources */,
				5E53BE4F3CD9B32F34C5C2AA /* Copy Pods Resources */,
				5E0D48861B156F16005ECFB2 /* ShellScript */,
			);
			buildRules = (
			);
			dependencies = (
			);
			name = RestaurantEvent;
			productName = RestaurantEvent;
			productReference = 5ECA62F01B156A2500A0B4E8 /* RestaurantEvent.app */;
			productType = "com.apple.product-type.application";
		};
		5ECA63041B156A2500A0B4E8 /* RestaurantEventTests */ = {
			isa = PBXNativeTarget;
			buildConfigurationList = 5ECA63121B156A2500A0B4E8 /* Build configuration list for PBXNativeTarget "RestaurantEventTests" */;
			buildPhases = (
				5ECA63011B156A2500A0B4E8 /* Sources */,
				5ECA63021B156A2500A0B4E8 /* Frameworks */,
				5ECA63031B156A2500A0B4E8 /* Resources */,
			);
			buildRules = (
			);
			dependencies = (
				5ECA63071B156A2500A0B4E8 /* PBXTargetDependency */,
			);
			name = RestaurantEventTests;
			productName = RestaurantEventTests;
			productReference = 5ECA63051B156A2500A0B4E8 /* RestaurantEventTests.xctest */;
			productType = "com.apple.product-type.bundle.unit-test";
		};
/* End PBXNativeTarget section */

/* Begin PBXProject section */
		5ECA62E81B156A2500A0B4E8 /* Project object */ = {
			isa = PBXProject;
			attributes = {
				LastUpgradeCheck = 0630;
				ORGANIZATIONNAME = djzhang;
				TargetAttributes = {
					5ECA62EF1B156A2500A0B4E8 = {
						CreatedOnToolsVersion = 6.3.2;
						DevelopmentTeam = VCRS784KF3;
					};
					5ECA63041B156A2500A0B4E8 = {
						CreatedOnToolsVersion = 6.3.2;
						TestTargetID = 5ECA62EF1B156A2500A0B4E8;
					};
				};
			};
			buildConfigurationList = 5ECA62EB1B156A2500A0B4E8 /* Build configuration list for PBXProject "RestaurantEvent" */;
			compatibilityVersion = "Xcode 3.2";
			developmentRegion = English;
			hasScannedForEncodings = 0;
			knownRegions = (
				en,
				Base,
			);
			mainGroup = 5ECA62E71B156A2500A0B4E8;
			productRefGroup = 5ECA62F11B156A2500A0B4E8 /* Products */;
			projectDirPath = "";
			projectRoot = "";
			targets = (
				5ECA62EF1B156A2500A0B4E8 /* RestaurantEvent */,
				5ECA63041B156A2500A0B4E8 /* RestaurantEventTests */,
			);
		};
/* End PBXProject section */

/* Begin PBXResourcesBuildPhase section */
		5ECA62EE1B156A2500A0B4E8 /* Resources */ = {
			isa = PBXResourcesBuildPhase;
			buildActionMask = 2147483647;
			files = (
				5E170F961B15B63D007EDE70 /* PAWNewUserViewController.xib in Resources */,
				5ECA62FB1B156A2500A0B4E8 /* Main.storyboard in Resources */,
				5ECA63001B156A2500A0B4E8 /* LaunchScreen.xib in Resources */,
				5ECA62FD1B156A2500A0B4E8 /* Images.xcassets in Resources */,
				5E170F941B15B63D007EDE70 /* PAWLoginViewController.xib in Resources */,
			);
			runOnlyForDeploymentPostprocessing = 0;
		};
		5ECA63031B156A2500A0B4E8 /* Resources */ = {
			isa = PBXResourcesBuildPhase;
			buildActionMask = 2147483647;
			files = (
			);
			runOnlyForDeploymentPostprocessing = 0;
		};
/* End PBXResourcesBuildPhase section */

/* Begin PBXShellScriptBuildPhase section */
		5E0D48861B156F16005ECFB2 /* ShellScript */ = {
			isa = PBXShellScriptBuildPhase;
			buildActionMask = 2147483647;
			files = (
			);
			inputPaths = (
				"$(SRCROOT)/Carthage/Cartography.framework",
			);
			outputPaths = (
			);
			runOnlyForDeploymentPostprocessing = 0;
			shellPath = /bin/sh;
			shellScript = "/usr/local/bin/carthage copy-frameworks";
		};
		5E53BE4F3CD9B32F34C5C2AA /* Copy Pods Resources */ = {
			isa = PBXShellScriptBuildPhase;
			buildActionMask = 2147483647;
			files = (
			);
			inputPaths = (
			);
			name = "Copy Pods Resources";
			outputPaths = (
			);
			runOnlyForDeploymentPostprocessing = 0;
			shellPath = /bin/sh;
			shellScript = "\"${SRCROOT}/Pods/Target Support Files/Pods/Pods-resources.sh\"\n";
			showEnvVarsInLog = 0;
		};
		F416AE9FBDBFCA8A43374593 /* Check Pods Manifest.lock */ = {
			isa = PBXShellScriptBuildPhase;
			buildActionMask = 2147483647;
			files = (
			);
			inputPaths = (
			);
			name = "Check Pods Manifest.lock";
			outputPaths = (
			);
			runOnlyForDeploymentPostprocessing = 0;
			shellPath = /bin/sh;
			shellScript = "diff \"${PODS_ROOT}/../Podfile.lock\" \"${PODS_ROOT}/Manifest.lock\" > /dev/null\nif [[ $? != 0 ]] ; then\n    cat << EOM\nerror: The sandbox is not in sync with the Podfile.lock. Run 'pod install' or update your CocoaPods installation.\nEOM\n    exit 1\nfi\n";
			showEnvVarsInLog = 0;
		};
/* End PBXShellScriptBuildPhase section */

/* Begin PBXSourcesBuildPhase section */
		5ECA62EC1B156A2500A0B4E8 /* Sources */ = {
			isa = PBXSourcesBuildPhase;
			buildActionMask = 2147483647;
			files = (
				5E170F981B15B63D007EDE70 /* PAWActivityView.m in Sources */,
				5ECA62F81B156A2500A0B4E8 /* ViewController.swift in Sources */,
				5E170F951B15B63D007EDE70 /* PAWNewUserViewController.m in Sources */,
				5E170F931B15B63D007EDE70 /* PAWLoginViewController.m in Sources */,
				5E170F971B15B63D007EDE70 /* PAWPost.m in Sources */,
				5ECA62F61B156A2500A0B4E8 /* AppDelegate.swift in Sources */,
			);
			runOnlyForDeploymentPostprocessing = 0;
		};
		5ECA63011B156A2500A0B4E8 /* Sources */ = {
			isa = PBXSourcesBuildPhase;
			buildActionMask = 2147483647;
			files = (
				5ECA630C1B156A2500A0B4E8 /* RestaurantEventTests.swift in Sources */,
			);
			runOnlyForDeploymentPostprocessing = 0;
		};
/* End PBXSourcesBuildPhase section */

/* Begin PBXTargetDependency section */
		5ECA63071B156A2500A0B4E8 /* PBXTargetDependency */ = {
			isa = PBXTargetDependency;
			target = 5ECA62EF1B156A2500A0B4E8 /* RestaurantEvent */;
			targetProxy = 5ECA63061B156A2500A0B4E8 /* PBXContainerItemProxy */;
		};
/* End PBXTargetDependency section */

/* Begin PBXVariantGroup section */
		5ECA62F91B156A2500A0B4E8 /* Main.storyboard */ = {
			isa = PBXVariantGroup;
			children = (
				5ECA62FA1B156A2500A0B4E8 /* Base */,
			);
			name = Main.storyboard;
			sourceTree = "<group>";
		};
		5ECA62FE1B156A2500A0B4E8 /* LaunchScreen.xib */ = {
			isa = PBXVariantGroup;
			children = (
				5ECA62FF1B156A2500A0B4E8 /* Base */,
			);
			name = LaunchScreen.xib;
			sourceTree = "<group>";
		};
/* End PBXVariantGroup section */

/* Begin XCBuildConfiguration section */
		5ECA630D1B156A2500A0B4E8 /* Debug */ = {
			isa = XCBuildConfiguration;
			buildSettings = {
				ALWAYS_SEARCH_USER_PATHS = NO;
				CLANG_CXX_LANGUAGE_STANDARD = "gnu++0x";
				CLANG_CXX_LIBRARY = "libc++";
				CLANG_ENABLE_MODULES = YES;
				CLANG_ENABLE_OBJC_ARC = YES;
				CLANG_WARN_BOOL_CONVERSION = YES;
				CLANG_WARN_CONSTANT_CONVERSION = YES;
				CLANG_WARN_DIRECT_OBJC_ISA_USAGE = YES_ERROR;
				CLANG_WARN_EMPTY_BODY = YES;
				CLANG_WARN_ENUM_CONVERSION = YES;
				CLANG_WARN_INT_CONVERSION = YES;
				CLANG_WARN_OBJC_ROOT_CLASS = YES_ERROR;
				CLANG_WARN_UNREACHABLE_CODE = YES;
				CLANG_WARN__DUPLICATE_METHOD_MATCH = YES;
				"CODE_SIGN_IDENTITY[sdk=iphoneos*]" = "iPhone Developer";
				COPY_PHASE_STRIP = NO;
				DEBUG_INFORMATION_FORMAT = "dwarf-with-dsym";
				ENABLE_STRICT_OBJC_MSGSEND = YES;
				GCC_C_LANGUAGE_STANDARD = gnu99;
				GCC_DYNAMIC_NO_PIC = NO;
				GCC_NO_COMMON_BLOCKS = YES;
				GCC_OPTIMIZATION_LEVEL = 0;
				GCC_PREPROCESSOR_DEFINITIONS = (
					"DEBUG=1",
					"$(inherited)",
				);
				GCC_SYMBOLS_PRIVATE_EXTERN = NO;
				GCC_WARN_64_TO_32_BIT_CONVERSION = YES;
				GCC_WARN_ABOUT_RETURN_TYPE = YES_ERROR;
				GCC_WARN_UNDECLARED_SELECTOR = YES;
				GCC_WARN_UNINITIALIZED_AUTOS = YES_AGGRESSIVE;
				GCC_WARN_UNUSED_FUNCTION = YES;
				GCC_WARN_UNUSED_VARIABLE = YES;
				IPHONEOS_DEPLOYMENT_TARGET = 8.3;
				MTL_ENABLE_DEBUG_INFO = YES;
				ONLY_ACTIVE_ARCH = YES;
				SDKROOT = iphoneos;
				SWIFT_OPTIMIZATION_LEVEL = "-Onone";
			};
			name = Debug;
		};
		5ECA630E1B156A2500A0B4E8 /* Release */ = {
			isa = XCBuildConfiguration;
			buildSettings = {
				ALWAYS_SEARCH_USER_PATHS = NO;
				CLANG_CXX_LANGUAGE_STANDARD = "gnu++0x";
				CLANG_CXX_LIBRARY = "libc++";
				CLANG_ENABLE_MODULES = YES;
				CLANG_ENABLE_OBJC_ARC = YES;
				CLANG_WARN_BOOL_CONVERSION = YES;
				CLANG_WARN_CONSTANT_CONVERSION = YES;
				CLANG_WARN_DIRECT_OBJC_ISA_USAGE = YES_ERROR;
				CLANG_WARN_EMPTY_BODY = YES;
				CLANG_WARN_ENUM_CONVERSION = YES;
				CLANG_WARN_INT_CONVERSION = YES;
				CLANG_WARN_OBJC_ROOT_CLASS = YES_ERROR;
				CLANG_WARN_UNREACHABLE_CODE = YES;
				CLANG_WARN__DUPLICATE_METHOD_MATCH = YES;
				"CODE_SIGN_IDENTITY[sdk=iphoneos*]" = "iPhone Developer";
				COPY_PHASE_STRIP = NO;
				DEBUG_INFORMATION_FORMAT = "dwarf-with-dsym";
				ENABLE_NS_ASSERTIONS = NO;
				ENABLE_STRICT_OBJC_MSGSEND = YES;
				GCC_C_LANGUAGE_STANDARD = gnu99;
				GCC_NO_COMMON_BLOCKS = YES;
				GCC_WARN_64_TO_32_BIT_CONVERSION = YES;
				GCC_WARN_ABOUT_RETURN_TYPE = YES_ERROR;
				GCC_WARN_UNDECLARED_SELECTOR = YES;
				GCC_WARN_UNINITIALIZED_AUTOS = YES_AGGRESSIVE;
				GCC_WARN_UNUSED_FUNCTION = YES;
				GCC_WARN_UNUSED_VARIABLE = YES;
				IPHONEOS_DEPLOYMENT_TARGET = 8.3;
				MTL_ENABLE_DEBUG_INFO = NO;
				SDKROOT = iphoneos;
				VALIDATE_PRODUCT = YES;
			};
			name = Release;
		};
		5ECA63101B156A2500A0B4E8 /* Debug */ = {
			isa = XCBuildConfiguration;
			baseConfigurationReference = C6CAE07539DD58B4FB1C7AD0 /* Pods.debug.xcconfig */;
			buildSettings = {
				ASSETCATALOG_COMPILER_APPICON_NAME = AppIcon;
				CLANG_ENABLE_MODULES = YES;
				CODE_SIGN_IDENTITY = "iPhone Developer";
				FRAMEWORK_SEARCH_PATHS = (
					"$(inherited)",
					"$(PROJECT_DIR)/Carthage",
				);
				INFOPLIST_FILE = RestaurantEvent/Info.plist;
				LD_RUNPATH_SEARCH_PATHS = "$(inherited) @executable_path/Frameworks";
				PRODUCT_NAME = "$(TARGET_NAME)";
				SWIFT_OBJC_BRIDGING_HEADER = "RestaurantEvent/RestaurantEvent-Bridging-Header.h";
				SWIFT_OPTIMIZATION_LEVEL = "-Onone";
			};
			name = Debug;
		};
		5ECA63111B156A2500A0B4E8 /* Release */ = {
			isa = XCBuildConfiguration;
			baseConfigurationReference = 4FE7D8372049D94E8113D39F /* Pods.release.xcconfig */;
			buildSettings = {
				ASSETCATALOG_COMPILER_APPICON_NAME = AppIcon;
				CLANG_ENABLE_MODULES = YES;
				CODE_SIGN_IDENTITY = "iPhone Developer";
				FRAMEWORK_SEARCH_PATHS = (
					"$(inherited)",
					"$(PROJECT_DIR)/Carthage",
				);
				INFOPLIST_FILE = RestaurantEvent/Info.plist;
				LD_RUNPATH_SEARCH_PATHS = "$(inherited) @executable_path/Frameworks";
				PRODUCT_NAME = "$(TARGET_NAME)";
				SWIFT_OBJC_BRIDGING_HEADER = "RestaurantEvent/RestaurantEvent-Bridging-Header.h";
			};
			name = Release;
		};
		5ECA63131B156A2500A0B4E8 /* Debug */ = {
			isa = XCBuildConfiguration;
			buildSettings = {
				BUNDLE_LOADER = "$(TEST_HOST)";
				FRAMEWORK_SEARCH_PATHS = (
					"$(SDKROOT)/Developer/Library/Frameworks",
					"$(inherited)",
				);
				GCC_PREPROCESSOR_DEFINITIONS = (
					"DEBUG=1",
					"$(inherited)",
				);
				INFOPLIST_FILE = RestaurantEventTests/Info.plist;
				LD_RUNPATH_SEARCH_PATHS = "$(inherited) @executable_path/Frameworks @loader_path/Frameworks";
				PRODUCT_NAME = "$(TARGET_NAME)";
				TEST_HOST = "$(BUILT_PRODUCTS_DIR)/RestaurantEvent.app/RestaurantEvent";
			};
			name = Debug;
		};
		5ECA63141B156A2500A0B4E8 /* Release */ = {
			isa = XCBuildConfiguration;
			buildSettings = {
				BUNDLE_LOADER = "$(TEST_HOST)";
				FRAMEWORK_SEARCH_PATHS = (
					"$(SDKROOT)/Developer/Library/Frameworks",
					"$(inherited)",
				);
				INFOPLIST_FILE = RestaurantEventTests/Info.plist;
				LD_RUNPATH_SEARCH_PATHS = "$(inherited) @executable_path/Frameworks @loader_path/Frameworks";
				PRODUCT_NAME = "$(TARGET_NAME)";
				TEST_HOST = "$(BUILT_PRODUCTS_DIR)/RestaurantEvent.app/RestaurantEvent";
			};
			name = Release;
		};
/* End XCBuildConfiguration section */

/* Begin XCConfigurationList section */
		5ECA62EB1B156A2500A0B4E8 /* Build configuration list for PBXProject "RestaurantEvent" */ = {
			isa = XCConfigurationList;
			buildConfigurations = (
				5ECA630D1B156A2500A0B4E8 /* Debug */,
				5ECA630E1B156A2500A0B4E8 /* Release */,
			);
			defaultConfigurationIsVisible = 0;
			defaultConfigurationName = Release;
		};
		5ECA630F1B156A2500A0B4E8 /* Build configuration list for PBXNativeTarget "RestaurantEvent" */ = {
			isa = XCConfigurationList;
			buildConfigurations = (
				5ECA63101B156A2500A0B4E8 /* Debug */,
				5ECA63111B156A2500A0B4E8 /* Release */,
			);
			defaultConfigurationIsVisible = 0;
			defaultConfigurationName = Release;
		};
		5ECA63121B156A2500A0B4E8 /* Build configuration list for PBXNativeTarget "RestaurantEventTests" */ = {
			isa = XCConfigurationList;
			buildConfigurations = (
				5ECA63131B156A2500A0B4E8 /* Debug */,
				5ECA63141B156A2500A0B4E8 /* Release */,
			);
			defaultConfigurationIsVisible = 0;
			defaultConfigurationName = Release;
		};
/* End XCConfigurationList section */
	};
	rootObject = 5ECA62E81B156A2500A0B4E8 /* Project object */;
}
